<?xml version="1.0" encoding="utf-8"?>
<Project ToolsVersion="4.0" xmlns="http://schemas.microsoft.com/developer/msbuild/2003">
  <ItemGroup>
    <Filter Include="src">
      <UniqueIdentifier>{775F30A7-5729-4405-8FEF-938D2000D680}</UniqueIdentifier>
    </Filter>
	<Filter Include="common">
      <UniqueIdentifier>{A39DC6D2-97E9-47DA-9074-172FAB07BD8D}</UniqueIdentifier>
    </Filter>
    <Filter Include="common\win32">
      <UniqueIdentifier>{3F4E924E-C0B8-45EA-9A0B-3B6366D69DF2}</UniqueIdentifier>
    </Filter>
    <Filter Include="resources">
      <UniqueIdentifier>{1ED43655-64C1-4D25-AF92-D2C4FAF4AD67}</UniqueIdentifier>
      <Extensions>rc;ico;cur;bmp;dlg;rc2;rct;bin;rgs;gif;jpg;jpeg;jpe;resx;tiff;tif;png;wav;mfcribbon-ms</Extensions>
    </Filter>
  </ItemGroup>
  <ItemGroup>
    <ClCompile Include="..\..\src\apps\test_shapefile\app_incl.h">
      <Filter>src</Filter>
    </ClCompile>
    <ClCompile Include="..\..\src\apps\test_shapefile\app_main.c">
      <Filter>src</Filter>
    </ClCompile>
    <ClCompile Include="..\..\src\common\win32\getopt_longw.c">
      <Filter>common\win32</Filter>
    </ClCompile>
    <ClCompile Include="..\..\src\common\win32\getoptw.c">
      <Filter>common\win32</Filter>
    </ClCompile>
    <ClCompile Include="..\..\src\common\win32\syslog-client.c">
      <Filter>common\win32</Filter>
    </ClCompile>
  </ItemGroup>
  <ItemGroup>
    <None Include="prepare.bat" />
    <None Include="update.bat" />
  </ItemGroup>
</Project>