<?xml version="1.0" encoding="utf-8"?>
<Project ToolsVersion="4.0" xmlns="http://schemas.microsoft.com/developer/msbuild/2003">
  <ItemGroup>
    <Filter Include="src">
      <UniqueIdentifier>{77F5702B-49A7-4CCF-97F5-ECB4545E41B2}</UniqueIdentifier>
    </Filter>
    <Filter Include="resources">
      <UniqueIdentifier>{6976CCD4-DEF9-489B-ABC0-837535D28481}</UniqueIdentifier>
      <Extensions>rc;ico;cur;bmp;dlg;rc2;rct;bin;rgs;gif;jpg;jpeg;jpe;resx;tiff;tif;png;wav;mfcribbon-ms</Extensions>
    </Filter>
    <Filter Include="common">
      <UniqueIdentifier>{549C3A2C-D401-4F09-B74E-324F56B332B3}</UniqueIdentifier>
    </Filter>
    <Filter Include="common\win32">
      <UniqueIdentifier>{F3E958EA-23E4-49F6-90A2-972A568C28C0}</UniqueIdentifier>
    </Filter>
  </ItemGroup>
  <ItemGroup>
    <ClCompile Include="..\..\src\apps\test_shapefile\app_incl.h">
      <Filter>src</Filter>
    </ClCompile>
    <ClCompile Include="..\..\src\apps\test_shapefile\app_main.c">
      <Filter>src</Filter>
    </ClCompile>
    <ClCompile Include="..\..\src\common\win32\getopt_longw.c">
      <Filter>common\win32</Filter>
    </ClCompile>
    <ClCompile Include="..\..\src\common\win32\getoptw.c">
      <Filter>common\win32</Filter>
    </ClCompile>
    <ClCompile Include="..\..\src\common\win32\syslog-client.c">
      <Filter>common\win32</Filter>
    </ClCompile>
  </ItemGroup>
  <ItemGroup>
    <None Include="prepare.bat" />
    <None Include="update.bat" />
  </ItemGroup>
</Project>