
Microsoft Visual Studio Solution File, Format Version 12.00
# Visual Studio 14
VisualStudioVersion = 14.0.25420.1
MinimumVisualStudioVersion = 10.0.40219.1
Project("{8BC9CEB8-8B4A-11D0-8D11-00A0C91BC942}") = "libshapefile", "libshapefile\libshapefile.vcxproj", "{B2E229EC-C774-4A06-90C4-47D637E84D87}"
EndProject
Project("{8BC9CEB8-8B4A-11D0-8D11-00A0C91BC942}") = "libshapefile_dll", "libshapefile_dll\libshapefile_dll.vcxproj", "{F70A70E4-43F8-43E9-9EE3-61F5AC1EB7CD}"
EndProject
Project("{8BC9CEB8-8B4A-11D0-8D11-00A0C91BC942}") = "test_shapefile", "test_shapefile\test_shapefile.vcxproj", "{476EF274-D91B-419D-9C70-C7EEE59FB991}"
	ProjectSection(ProjectDependencies) = postProject
		{B2E229EC-C774-4A06-90C4-47D637E84D87} = {B2E229EC-C774-4A06-90C4-47D637E84D87}
		{F70A70E4-43F8-43E9-9EE3-61F5AC1EB7CD} = {F70A70E4-43F8-43E9-9EE3-61F5AC1EB7CD}
	EndProjectSection
EndProject
Project("{8BC9CEB8-8B4A-11D0-8D11-00A0C91BC942}") = "test_shapefiledll", "test_shapefiledll\test_shapefiledll.vcxproj", "{E238CA82-495A-445D-B381-4CE4ABE85796}"
	ProjectSection(ProjectDependencies) = postProject
		{476EF274-D91B-419D-9C70-C7EEE59FB991} = {476EF274-D91B-419D-9C70-C7EEE59FB991}
		{B2E229EC-C774-4A06-90C4-47D637E84D87} = {B2E229EC-C774-4A06-90C4-47D637E84D87}
		{F70A70E4-43F8-43E9-9EE3-61F5AC1EB7CD} = {F70A70E4-43F8-43E9-9EE3-61F5AC1EB7CD}
	EndProjectSection
EndProject
Global
	GlobalSection(SolutionConfigurationPlatforms) = preSolution
		Debug|x64 = Debug|x64
		Debug|x86 = Debug|x86
		Release|x64 = Release|x64
		Release|x86 = Release|x86
	EndGlobalSection
	GlobalSection(ProjectConfigurationPlatforms) = postSolution
		{B2E229EC-C774-4A06-90C4-47D637E84D87}.Debug|x64.ActiveCfg = Debug|x64
		{B2E229EC-C774-4A06-90C4-47D637E84D87}.Debug|x64.Build.0 = Debug|x64
		{B2E229EC-C774-4A06-90C4-47D637E84D87}.Debug|x86.ActiveCfg = Debug|Win32
		{B2E229EC-C774-4A06-90C4-47D637E84D87}.Debug|x86.Build.0 = Debug|Win32
		{B2E229EC-C774-4A06-90C4-47D637E84D87}.Release|x64.ActiveCfg = Release|x64
		{B2E229EC-C774-4A06-90C4-47D637E84D87}.Release|x64.Build.0 = Release|x64
		{B2E229EC-C774-4A06-90C4-47D637E84D87}.Release|x86.ActiveCfg = Release|Win32
		{B2E229EC-C774-4A06-90C4-47D637E84D87}.Release|x86.Build.0 = Release|Win32
		{F70A70E4-43F8-43E9-9EE3-61F5AC1EB7CD}.Debug|x64.ActiveCfg = Debug|x64
		{F70A70E4-43F8-43E9-9EE3-61F5AC1EB7CD}.Debug|x64.Build.0 = Debug|x64
		{F70A70E4-43F8-43E9-9EE3-61F5AC1EB7CD}.Debug|x86.ActiveCfg = Debug|Win32
		{F70A70E4-43F8-43E9-9EE3-61F5AC1EB7CD}.Debug|x86.Build.0 = Debug|Win32
		{F70A70E4-43F8-43E9-9EE3-61F5AC1EB7CD}.Release|x64.ActiveCfg = Release|x64
		{F70A70E4-43F8-43E9-9EE3-61F5AC1EB7CD}.Release|x64.Build.0 = Release|x64
		{F70A70E4-43F8-43E9-9EE3-61F5AC1EB7CD}.Release|x86.ActiveCfg = Release|Win32
		{F70A70E4-43F8-43E9-9EE3-61F5AC1EB7CD}.Release|x86.Build.0 = Release|Win32
		{476EF274-D91B-419D-9C70-C7EEE59FB991}.Debug|x64.ActiveCfg = Debug|x64
		{476EF274-D91B-419D-9C70-C7EEE59FB991}.Debug|x64.Build.0 = Debug|x64
		{476EF274-D91B-419D-9C70-C7EEE59FB991}.Debug|x86.ActiveCfg = Debug|Win32
		{476EF274-D91B-419D-9C70-C7EEE59FB991}.Debug|x86.Build.0 = Debug|Win32
		{476EF274-D91B-419D-9C70-C7EEE59FB991}.Release|x64.ActiveCfg = Release|x64
		{476EF274-D91B-419D-9C70-C7EEE59FB991}.Release|x64.Build.0 = Release|x64
		{476EF274-D91B-419D-9C70-C7EEE59FB991}.Release|x86.ActiveCfg = Release|Win32
		{476EF274-D91B-419D-9C70-C7EEE59FB991}.Release|x86.Build.0 = Release|Win32
		{E238CA82-495A-445D-B381-4CE4ABE85796}.Debug|x64.ActiveCfg = Debug|x64
		{E238CA82-495A-445D-B381-4CE4ABE85796}.Debug|x64.Build.0 = Debug|x64
		{E238CA82-495A-445D-B381-4CE4ABE85796}.Debug|x86.ActiveCfg = Debug|Win32
		{E238CA82-495A-445D-B381-4CE4ABE85796}.Debug|x86.Build.0 = Debug|Win32
		{E238CA82-495A-445D-B381-4CE4ABE85796}.Release|x64.ActiveCfg = Release|x64
		{E238CA82-495A-445D-B381-4CE4ABE85796}.Release|x64.Build.0 = Release|x64
		{E238CA82-495A-445D-B381-4CE4ABE85796}.Release|x86.ActiveCfg = Release|Win32
		{E238CA82-495A-445D-B381-4CE4ABE85796}.Release|x86.Build.0 = Release|Win32
	EndGlobalSection
	GlobalSection(SolutionProperties) = preSolution
		HideSolutionNode = FALSE
	EndGlobalSection
EndGlobal
