
Microsoft Visual Studio Solution File, Format Version 12.00
# Visual Studio 14
VisualStudioVersion = 14.0.25420.1
MinimumVisualStudioVersion = 10.0.40219.1
Project("{8BC9CEB8-8B4A-11D0-8D11-00A0C91BC942}") = "libshapefile", "libshapefile\libshapefile.vcxproj", "{2C082EE8-32F0-457F-8624-C09A2A0182B8}"
EndProject
Project("{8BC9CEB8-8B4A-11D0-8D11-00A0C91BC942}") = "libshapefile_dll", "libshapefile_dll\libshapefile_dll.vcxproj", "{7B0C7A7F-2F03-4254-AC1F-67C3338B9B83}"
EndProject
Project("{8BC9CEB8-8B4A-11D0-8D11-00A0C91BC942}") = "test_shapefile", "test_shapefile\test_shapefile.vcxproj", "{0BC2EE47-B345-421D-91BA-0D7AF3F33924}"
	ProjectSection(ProjectDependencies) = postProject
		{2C082EE8-32F0-457F-8624-C09A2A0182B8} = {2C082EE8-32F0-457F-8624-C09A2A0182B8}
		{7B0C7A7F-2F03-4254-AC1F-67C3338B9B83} = {7B0C7A7F-2F03-4254-AC1F-67C3338B9B83}
	EndProjectSection
EndProject
Project("{8BC9CEB8-8B4A-11D0-8D11-00A0C91BC942}") = "test_shapefiledll", "test_shapefiledll\test_shapefiledll.vcxproj", "{FB2ECD62-0975-4D41-99CE-FF4219CC04E2}"
	ProjectSection(ProjectDependencies) = postProject
		{0BC2EE47-B345-421D-91BA-0D7AF3F33924} = {0BC2EE47-B345-421D-91BA-0D7AF3F33924}
		{2C082EE8-32F0-457F-8624-C09A2A0182B8} = {2C082EE8-32F0-457F-8624-C09A2A0182B8}
		{7B0C7A7F-2F03-4254-AC1F-67C3338B9B83} = {7B0C7A7F-2F03-4254-AC1F-67C3338B9B83}
	EndProjectSection
EndProject
Global
	GlobalSection(SolutionConfigurationPlatforms) = preSolution
		Debug|x64 = Debug|x64
		Debug|x86 = Debug|x86
		Release|x64 = Release|x64
		Release|x86 = Release|x86
	EndGlobalSection
	GlobalSection(ProjectConfigurationPlatforms) = postSolution
		{2C082EE8-32F0-457F-8624-C09A2A0182B8}.Debug|x64.ActiveCfg = Debug|x64
		{2C082EE8-32F0-457F-8624-C09A2A0182B8}.Debug|x64.Build.0 = Debug|x64
		{2C082EE8-32F0-457F-8624-C09A2A0182B8}.Debug|x86.ActiveCfg = Debug|Win32
		{2C082EE8-32F0-457F-8624-C09A2A0182B8}.Debug|x86.Build.0 = Debug|Win32
		{2C082EE8-32F0-457F-8624-C09A2A0182B8}.Release|x64.ActiveCfg = Release|x64
		{2C082EE8-32F0-457F-8624-C09A2A0182B8}.Release|x64.Build.0 = Release|x64
		{2C082EE8-32F0-457F-8624-C09A2A0182B8}.Release|x86.ActiveCfg = Release|Win32
		{2C082EE8-32F0-457F-8624-C09A2A0182B8}.Release|x86.Build.0 = Release|Win32
		{7B0C7A7F-2F03-4254-AC1F-67C3338B9B83}.Debug|x64.ActiveCfg = Debug|x64
		{7B0C7A7F-2F03-4254-AC1F-67C3338B9B83}.Debug|x64.Build.0 = Debug|x64
		{7B0C7A7F-2F03-4254-AC1F-67C3338B9B83}.Debug|x86.ActiveCfg = Debug|Win32
		{7B0C7A7F-2F03-4254-AC1F-67C3338B9B83}.Debug|x86.Build.0 = Debug|Win32
		{7B0C7A7F-2F03-4254-AC1F-67C3338B9B83}.Release|x64.ActiveCfg = Release|x64
		{7B0C7A7F-2F03-4254-AC1F-67C3338B9B83}.Release|x64.Build.0 = Release|x64
		{7B0C7A7F-2F03-4254-AC1F-67C3338B9B83}.Release|x86.ActiveCfg = Release|Win32
		{7B0C7A7F-2F03-4254-AC1F-67C3338B9B83}.Release|x86.Build.0 = Release|Win32
		{0BC2EE47-B345-421D-91BA-0D7AF3F33924}.Debug|x64.ActiveCfg = Debug|x64
		{0BC2EE47-B345-421D-91BA-0D7AF3F33924}.Debug|x64.Build.0 = Debug|x64
		{0BC2EE47-B345-421D-91BA-0D7AF3F33924}.Debug|x86.ActiveCfg = Debug|Win32
		{0BC2EE47-B345-421D-91BA-0D7AF3F33924}.Debug|x86.Build.0 = Debug|Win32
		{0BC2EE47-B345-421D-91BA-0D7AF3F33924}.Release|x64.ActiveCfg = Release|x64
		{0BC2EE47-B345-421D-91BA-0D7AF3F33924}.Release|x64.Build.0 = Release|x64
		{0BC2EE47-B345-421D-91BA-0D7AF3F33924}.Release|x86.ActiveCfg = Release|Win32
		{0BC2EE47-B345-421D-91BA-0D7AF3F33924}.Release|x86.Build.0 = Release|Win32
		{FB2ECD62-0975-4D41-99CE-FF4219CC04E2}.Debug|x64.ActiveCfg = Debug|x64
		{FB2ECD62-0975-4D41-99CE-FF4219CC04E2}.Debug|x64.Build.0 = Debug|x64
		{FB2ECD62-0975-4D41-99CE-FF4219CC04E2}.Debug|x86.ActiveCfg = Debug|Win32
		{FB2ECD62-0975-4D41-99CE-FF4219CC04E2}.Debug|x86.Build.0 = Debug|Win32
		{FB2ECD62-0975-4D41-99CE-FF4219CC04E2}.Release|x64.ActiveCfg = Release|x64
		{FB2ECD62-0975-4D41-99CE-FF4219CC04E2}.Release|x64.Build.0 = Release|x64
		{FB2ECD62-0975-4D41-99CE-FF4219CC04E2}.Release|x86.ActiveCfg = Release|Win32
		{FB2ECD62-0975-4D41-99CE-FF4219CC04E2}.Release|x86.Build.0 = Release|Win32
	EndGlobalSection
	GlobalSection(SolutionProperties) = preSolution
		HideSolutionNode = FALSE
	EndGlobalSection
EndGlobal
