
Microsoft Visual Studio Solution File, Format Version 12.00
# Visual Studio 14
VisualStudioVersion = 14.0.25420.1
MinimumVisualStudioVersion = 10.0.40219.1
Project("{8BC9CEB8-8B4A-11D0-8D11-00A0C91BC942}") = "libshapefile", "libshapefile\libshapefile.vcxproj", "{5B6A2CE0-5D57-4D51-B48B-0B2D52749466}"
EndProject
Project("{8BC9CEB8-8B4A-11D0-8D11-00A0C91BC942}") = "libshapefile_dll", "libshapefile_dll\libshapefile_dll.vcxproj", "{A39394CD-8694-4864-A880-54DB63954593}"
	ProjectSection(ProjectDependencies) = postProject
		{5B6A2CE0-5D57-4D51-B48B-0B2D52749466} = {5B6A2CE0-5D57-4D51-B48B-0B2D52749466}
	EndProjectSection
EndProject
Project("{8BC9CEB8-8B4A-11D0-8D11-00A0C91BC942}") = "test_shapefile", "test_shapefile\test_shapefile.vcxproj", "{714179A7-755F-4DA0-9447-78D45450EE74}"
	ProjectSection(ProjectDependencies) = postProject
		{5B6A2CE0-5D57-4D51-B48B-0B2D52749466} = {5B6A2CE0-5D57-4D51-B48B-0B2D52749466}
	EndProjectSection
EndProject
Project("{8BC9CEB8-8B4A-11D0-8D11-00A0C91BC942}") = "test_shapefiledll", "test_shapefiledll\test_shapefiledll.vcxproj", "{36AE58BB-9809-4378-975B-F9F6F74B3669}"
	ProjectSection(ProjectDependencies) = postProject
		{A39394CD-8694-4864-A880-54DB63954593} = {A39394CD-8694-4864-A880-54DB63954593}
	EndProjectSection
EndProject
Project("{8BC9CEB8-8B4A-11D0-8D11-00A0C91BC942}") = "shapefile_jniwrapper", "shapefile_jniwrapper\shapefile_jniwrapper.vcxproj", "{EB04D594-9F26-4C8F-8CA9-AF79F2A54A71}"
	ProjectSection(ProjectDependencies) = postProject
		{A39394CD-8694-4864-A880-54DB63954593} = {A39394CD-8694-4864-A880-54DB63954593}
	EndProjectSection
EndProject
Project("{8BC9CEB8-8B4A-11D0-8D11-00A0C91BC942}") = "test_shapefile_jniwrapper", "test_shapefile_jniwrapper\test_shapefile_jniwrapper.vcxproj", "{799410E0-07DF-4D8A-9FBF-E7951832EC44}"
	ProjectSection(ProjectDependencies) = postProject
		{EB04D594-9F26-4C8F-8CA9-AF79F2A54A71} = {EB04D594-9F26-4C8F-8CA9-AF79F2A54A71}
		{714179A7-755F-4DA0-9447-78D45450EE74} = {714179A7-755F-4DA0-9447-78D45450EE74}
		{36AE58BB-9809-4378-975B-F9F6F74B3669} = {36AE58BB-9809-4378-975B-F9F6F74B3669}
	EndProjectSection
EndProject
Global
	GlobalSection(SolutionConfigurationPlatforms) = preSolution
		Debug|x64 = Debug|x64
		Debug|x86 = Debug|x86
		Release|x64 = Release|x64
		Release|x86 = Release|x86
	EndGlobalSection
	GlobalSection(ProjectConfigurationPlatforms) = postSolution
		{5B6A2CE0-5D57-4D51-B48B-0B2D52749466}.Debug|x64.ActiveCfg = Debug|x64
		{5B6A2CE0-5D57-4D51-B48B-0B2D52749466}.Debug|x64.Build.0 = Debug|x64
		{5B6A2CE0-5D57-4D51-B48B-0B2D52749466}.Debug|x86.ActiveCfg = Debug|Win32
		{5B6A2CE0-5D57-4D51-B48B-0B2D52749466}.Debug|x86.Build.0 = Debug|Win32
		{5B6A2CE0-5D57-4D51-B48B-0B2D52749466}.Release|x64.ActiveCfg = Release|x64
		{5B6A2CE0-5D57-4D51-B48B-0B2D52749466}.Release|x64.Build.0 = Release|x64
		{5B6A2CE0-5D57-4D51-B48B-0B2D52749466}.Release|x86.ActiveCfg = Release|Win32
		{5B6A2CE0-5D57-4D51-B48B-0B2D52749466}.Release|x86.Build.0 = Release|Win32
		{A39394CD-8694-4864-A880-54DB63954593}.Debug|x64.ActiveCfg = Debug|x64
		{A39394CD-8694-4864-A880-54DB63954593}.Debug|x64.Build.0 = Debug|x64
		{A39394CD-8694-4864-A880-54DB63954593}.Debug|x86.ActiveCfg = Debug|Win32
		{A39394CD-8694-4864-A880-54DB63954593}.Debug|x86.Build.0 = Debug|Win32
		{A39394CD-8694-4864-A880-54DB63954593}.Release|x64.ActiveCfg = Release|x64
		{A39394CD-8694-4864-A880-54DB63954593}.Release|x64.Build.0 = Release|x64
		{A39394CD-8694-4864-A880-54DB63954593}.Release|x86.ActiveCfg = Release|Win32
		{A39394CD-8694-4864-A880-54DB63954593}.Release|x86.Build.0 = Release|Win32
		{714179A7-755F-4DA0-9447-78D45450EE74}.Debug|x64.ActiveCfg = Debug|x64
		{714179A7-755F-4DA0-9447-78D45450EE74}.Debug|x64.Build.0 = Debug|x64
		{714179A7-755F-4DA0-9447-78D45450EE74}.Debug|x86.ActiveCfg = Debug|Win32
		{714179A7-755F-4DA0-9447-78D45450EE74}.Debug|x86.Build.0 = Debug|Win32
		{714179A7-755F-4DA0-9447-78D45450EE74}.Release|x64.ActiveCfg = Release|x64
		{714179A7-755F-4DA0-9447-78D45450EE74}.Release|x64.Build.0 = Release|x64
		{714179A7-755F-4DA0-9447-78D45450EE74}.Release|x86.ActiveCfg = Release|Win32
		{714179A7-755F-4DA0-9447-78D45450EE74}.Release|x86.Build.0 = Release|Win32
		{36AE58BB-9809-4378-975B-F9F6F74B3669}.Debug|x64.ActiveCfg = Debug|x64
		{36AE58BB-9809-4378-975B-F9F6F74B3669}.Debug|x64.Build.0 = Debug|x64
		{36AE58BB-9809-4378-975B-F9F6F74B3669}.Debug|x86.ActiveCfg = Debug|Win32
		{36AE58BB-9809-4378-975B-F9F6F74B3669}.Debug|x86.Build.0 = Debug|Win32
		{36AE58BB-9809-4378-975B-F9F6F74B3669}.Release|x64.ActiveCfg = Release|x64
		{36AE58BB-9809-4378-975B-F9F6F74B3669}.Release|x64.Build.0 = Release|x64
		{36AE58BB-9809-4378-975B-F9F6F74B3669}.Release|x86.ActiveCfg = Release|Win32
		{36AE58BB-9809-4378-975B-F9F6F74B3669}.Release|x86.Build.0 = Release|Win32
		{EB04D594-9F26-4C8F-8CA9-AF79F2A54A71}.Debug|x64.ActiveCfg = Debug|x64
		{EB04D594-9F26-4C8F-8CA9-AF79F2A54A71}.Debug|x64.Build.0 = Debug|x64
		{EB04D594-9F26-4C8F-8CA9-AF79F2A54A71}.Debug|x86.ActiveCfg = Debug|Win32
		{EB04D594-9F26-4C8F-8CA9-AF79F2A54A71}.Debug|x86.Build.0 = Debug|Win32
		{EB04D594-9F26-4C8F-8CA9-AF79F2A54A71}.Release|x64.ActiveCfg = Release|x64
		{EB04D594-9F26-4C8F-8CA9-AF79F2A54A71}.Release|x64.Build.0 = Release|x64
		{EB04D594-9F26-4C8F-8CA9-AF79F2A54A71}.Release|x86.ActiveCfg = Release|Win32
		{EB04D594-9F26-4C8F-8CA9-AF79F2A54A71}.Release|x86.Build.0 = Release|Win32
		{799410E0-07DF-4D8A-9FBF-E7951832EC44}.Debug|x64.ActiveCfg = Debug|x64
		{799410E0-07DF-4D8A-9FBF-E7951832EC44}.Debug|x64.Build.0 = Debug|x64
		{799410E0-07DF-4D8A-9FBF-E7951832EC44}.Debug|x86.ActiveCfg = Debug|Win32
		{799410E0-07DF-4D8A-9FBF-E7951832EC44}.Debug|x86.Build.0 = Debug|Win32
		{799410E0-07DF-4D8A-9FBF-E7951832EC44}.Release|x64.ActiveCfg = Release|x64
		{799410E0-07DF-4D8A-9FBF-E7951832EC44}.Release|x64.Build.0 = Release|x64
		{799410E0-07DF-4D8A-9FBF-E7951832EC44}.Release|x86.ActiveCfg = Release|Win32
		{799410E0-07DF-4D8A-9FBF-E7951832EC44}.Release|x86.Build.0 = Release|Win32
	EndGlobalSection
	GlobalSection(SolutionProperties) = preSolution
		HideSolutionNode = FALSE
	EndGlobalSection
EndGlobal
