<?xml version="1.0" encoding="utf-8"?>
<Project ToolsVersion="4.0" xmlns="http://schemas.microsoft.com/developer/msbuild/2003">
  <ItemGroup>
    <Filter Include="resources">
      <UniqueIdentifier>{F7E8E82E-B59C-4D26-8211-0CF97FDC9CBF}</UniqueIdentifier>
      <Extensions>rc;ico;cur;bmp;dlg;rc2;rct;bin;rgs;gif;jpg;jpeg;jpe;resx;tiff;tif;png;wav;mfcribbon-ms</Extensions>
    </Filter>
    <Filter Include="jni">
      <UniqueIdentifier>{9317ABD6-CADF-441C-B4D3-BA4FB41690ED}</UniqueIdentifier>
    </Filter>
  </ItemGroup>
  <ItemGroup>
    <ClCompile Include="shapefile_jniwrapper.c">
      <Filter>jni</Filter>
    </ClCompile>
  </ItemGroup>
  <ItemGroup>
    <None Include="prepare.bat" />
    <None Include="update.bat" />
  </ItemGroup>
  <ItemGroup>
    <ClInclude Include="..\..\jni\src\main\java\com_github_jni_libshapefile_JNIWrapper.h">
      <Filter>jni</Filter>
    </ClInclude>
  </ItemGroup>
</Project>