<?xml version="1.0" encoding="utf-8"?>
<Project ToolsVersion="4.0" xmlns="http://schemas.microsoft.com/developer/msbuild/2003">
  <ItemGroup>

    <Filter Include="common">
      <UniqueIdentifier>{C7B07EAE-7036-47D6-9789-8194E59B5DFC}</UniqueIdentifier>
    </Filter>
    <Filter Include="shapefile">
      <UniqueIdentifier>{8917E1C0-99E1-4E71-90FA-8B0BC92E01E9}</UniqueIdentifier>
    </Filter>
    <Filter Include="resources">
      <UniqueIdentifier>{BB9603FD-1C6E-421F-BDB9-8452658D5D7A}</UniqueIdentifier>
      <Extensions>rc;ico;cur;bmp;dlg;rc2;rct;bin;rgs;gif;jpg;jpeg;jpe;resx;tiff;tif;png;wav;mfcribbon-ms</Extensions>
    </Filter>
  </ItemGroup>
  <ItemGroup>
    <ClInclude Include="..\..\src\common\unitypes.h">
      <Filter>common</Filter>
    </ClInclude>
    <ClInclude Include="..\..\src\shapefile\shapefile_api.h">
      <Filter>shapefile</Filter>
    </ClInclude>
    <ClInclude Include="..\..\src\shapefile\shapefile_def.h">
      <Filter>shapefile</Filter>
    </ClInclude>
    <ClInclude Include="..\..\src\shapefile\shapefile_i.h">
      <Filter>shapefile</Filter>
    </ClInclude>
  </ItemGroup>
  <ItemGroup>
    <None Include="prepare.bat" />
    <None Include="update.bat" />
  </ItemGroup>
  <ItemGroup>
    <ClCompile Include="..\..\src\shapefile\shapefile.c">
      <Filter>shapefile</Filter>
    </ClCompile>
  </ItemGroup>
</Project>