<?xml version="1.0" encoding="utf-8"?>
<Project ToolsVersion="4.0" xmlns="http://schemas.microsoft.com/developer/msbuild/2003">
  <ItemGroup>
    <Filter Include="shapefile">
      <UniqueIdentifier>{1A807CD6-DBEA-4648-8D9D-59A27734D56E}</UniqueIdentifier>
    </Filter>
    <Filter Include="common">
      <UniqueIdentifier>{38AE6793-ABCC-4098-8CD1-A15C86DB0794}</UniqueIdentifier>
    </Filter>
    <Filter Include="resources">
      <UniqueIdentifier>{E26B4BB4-C385-4DE7-9B10-AB91F81BAFA7}</UniqueIdentifier>
      <Extensions>rc;ico;cur;bmp;dlg;rc2;rct;bin;rgs;gif;jpg;jpeg;jpe;resx;tiff;tif;png;wav;mfcribbon-ms</Extensions>
    </Filter>
  </ItemGroup>
  <ItemGroup>
    <ClInclude Include="..\..\src\common\unitypes.h">
      <Filter>common</Filter>
    </ClInclude>
    <ClInclude Include="..\..\src\shapefile\shapefile_api.h">
      <Filter>shapefile</Filter>
    </ClInclude>
    <ClInclude Include="..\..\src\shapefile\shapefile_def.h">
      <Filter>shapefile</Filter>
    </ClInclude>
    <ClInclude Include="..\..\src\shapefile\shapefile_i.h">
      <Filter>shapefile</Filter>
    </ClInclude>
    <ClInclude Include="..\..\src\shapefile\shp2json.h">
      <Filter>shapefile</Filter>
    </ClInclude>
    <ClInclude Include="..\..\src\shapefile\shp2wkb.h">
      <Filter>shapefile</Filter>
    </ClInclude>
    <ClInclude Include="..\..\src\shapefile\shp2wkt.h">
      <Filter>shapefile</Filter>
    </ClInclude>
    <ClInclude Include="..\..\src\common\rtree.h">
      <Filter>common</Filter>
    </ClInclude>
  </ItemGroup>
  <ItemGroup>
    <None Include="prepare.bat" />
    <None Include="update.bat" />
  </ItemGroup>
  <ItemGroup>
    <ClCompile Include="..\..\src\shapefile\shapefile.c">
      <Filter>shapefile</Filter>
    </ClCompile>
    <ClCompile Include="..\..\src\shapefile\dbfopen.c">
      <Filter>shapefile</Filter>
    </ClCompile>
    <ClCompile Include="..\..\src\shapefile\shptree.c">
      <Filter>shapefile</Filter>
    </ClCompile>
    <ClCompile Include="..\..\src\common\rtree.c">
      <Filter>common</Filter>
    </ClCompile>
  </ItemGroup>
</Project>